
Microsoft Visual Studio Solution File, Format Version 12.00
# Visual Studio Version 17
VisualStudioVersion = 17.11.35208.52
MinimumVisualStudioVersion = 10.0.40219.1
Project("{FAE04EC0-301F-11D3-BF4B-00C04F79EFBC}") = "IMDB-List", "IMDB-List\IMDB-List.csproj", "{64CB9046-5DFE-4D58-8146-884D7C8F32CD}"
EndProject
Project("{2150E333-8FDC-42A3-9474-1A3956D46DE8}") = "Solution Items", "Solution Items", "{A319506E-5B4D-48C0-8574-9CF2CFE0897D}"
	ProjectSection(SolutionItems) = preProject
		README.md = README.md
	EndProjectSection
EndProject
Global
	GlobalSection(SolutionConfigurationPlatforms) = preSolution
		Debug|Any CPU = Debug|Any CPU
		Release|Any CPU = Release|Any CPU
	EndGlobalSection
	GlobalSection(ProjectConfigurationPlatforms) = postSolution
		{64CB9046-5DFE-4D58-8146-884D7C8F32CD}.Debug|Any CPU.ActiveCfg = Debug|Any CPU
		{64CB9046-5DFE-4D58-8146-884D7C8F32CD}.Debug|Any CPU.Build.0 = Debug|Any CPU
		{64CB9046-5DFE-4D58-8146-884D7C8F32CD}.Release|Any CPU.ActiveCfg = Release|Any CPU
		{64CB9046-5DFE-4D58-8146-884D7C8F32CD}.Release|Any CPU.Build.0 = Release|Any CPU
	EndGlobalSection
	GlobalSection(SolutionProperties) = preSolution
		HideSolutionNode = FALSE
	EndGlobalSection
	GlobalSection(ExtensibilityGlobals) = postSolution
		SolutionGuid = {F2C50252-CFE2-472F-BD72-44F78DB1CDFA}
	EndGlobalSection
EndGlobal
